
Microsoft Visual Studio Solution File, Format Version 12.00
# Visual Studio Version 17
VisualStudioVersion = 17.12.35309.182
MinimumVisualStudioVersion = 10.0.40219.1
Project("{8BC9CEB8-8B4A-11D0-8D11-00A0C91BC942}") = "StatusServer", "StatusServer\StatusServer.vcxproj", "{13B26FF6-A075-46D8-B742-D1DBEEE350ED}"
EndProject
Project("{8BC9CEB8-8B4A-11D0-8D11-00A0C91BC942}") = "ChatServer", "ChatServer\ChatServer.vcxproj", "{A6737580-FD4D-4996-8DA9-210493B03314}"
EndProject
Project("{8BC9CEB8-8B4A-11D0-8D11-00A0C91BC942}") = "ChatServer_2", "ChatServer_2\ChatServer_2.vcxproj", "{A466D9EC-91C3-4A6A-804E-B207E897C3FE}"
EndProject
Global
	GlobalSection(SolutionConfigurationPlatforms) = preSolution
		Debug|x64 = Debug|x64
		Debug|x86 = Debug|x86
		Release|x64 = Release|x64
		Release|x86 = Release|x86
	EndGlobalSection
	GlobalSection(ProjectConfigurationPlatforms) = postSolution
		{13B26FF6-A075-46D8-B742-D1DBEEE350ED}.Debug|x64.ActiveCfg = Debug|x64
		{13B26FF6-A075-46D8-B742-D1DBEEE350ED}.Debug|x64.Build.0 = Debug|x64
		{13B26FF6-A075-46D8-B742-D1DBEEE350ED}.Debug|x86.ActiveCfg = Debug|Win32
		{13B26FF6-A075-46D8-B742-D1DBEEE350ED}.Debug|x86.Build.0 = Debug|Win32
		{13B26FF6-A075-46D8-B742-D1DBEEE350ED}.Release|x64.ActiveCfg = Release|x64
		{13B26FF6-A075-46D8-B742-D1DBEEE350ED}.Release|x64.Build.0 = Release|x64
		{13B26FF6-A075-46D8-B742-D1DBEEE350ED}.Release|x86.ActiveCfg = Release|Win32
		{13B26FF6-A075-46D8-B742-D1DBEEE350ED}.Release|x86.Build.0 = Release|Win32
		{A6737580-FD4D-4996-8DA9-210493B03314}.Debug|x64.ActiveCfg = Debug|x64
		{A6737580-FD4D-4996-8DA9-210493B03314}.Debug|x64.Build.0 = Debug|x64
		{A6737580-FD4D-4996-8DA9-210493B03314}.Debug|x86.ActiveCfg = Debug|Win32
		{A6737580-FD4D-4996-8DA9-210493B03314}.Debug|x86.Build.0 = Debug|Win32
		{A6737580-FD4D-4996-8DA9-210493B03314}.Release|x64.ActiveCfg = Release|x64
		{A6737580-FD4D-4996-8DA9-210493B03314}.Release|x64.Build.0 = Release|x64
		{A6737580-FD4D-4996-8DA9-210493B03314}.Release|x86.ActiveCfg = Release|Win32
		{A6737580-FD4D-4996-8DA9-210493B03314}.Release|x86.Build.0 = Release|Win32
		{A466D9EC-91C3-4A6A-804E-B207E897C3FE}.Debug|x64.ActiveCfg = Debug|x64
		{A466D9EC-91C3-4A6A-804E-B207E897C3FE}.Debug|x64.Build.0 = Debug|x64
		{A466D9EC-91C3-4A6A-804E-B207E897C3FE}.Debug|x86.ActiveCfg = Debug|Win32
		{A466D9EC-91C3-4A6A-804E-B207E897C3FE}.Debug|x86.Build.0 = Debug|Win32
		{A466D9EC-91C3-4A6A-804E-B207E897C3FE}.Release|x64.ActiveCfg = Release|x64
		{A466D9EC-91C3-4A6A-804E-B207E897C3FE}.Release|x64.Build.0 = Release|x64
		{A466D9EC-91C3-4A6A-804E-B207E897C3FE}.Release|x86.ActiveCfg = Release|Win32
		{A466D9EC-91C3-4A6A-804E-B207E897C3FE}.Release|x86.Build.0 = Release|Win32
	EndGlobalSection
	GlobalSection(SolutionProperties) = preSolution
		HideSolutionNode = FALSE
	EndGlobalSection
	GlobalSection(ExtensibilityGlobals) = postSolution
		SolutionGuid = {D7C7205D-B67D-4343-B310-92E360430B13}
	EndGlobalSection
EndGlobal
